<?xml version="1.0" encoding="utf-8"?>
<Project ToolsVersion="4.0" xmlns="http://schemas.microsoft.com/developer/msbuild/2003">
  <ItemGroup>
    <Filter Include="src">
      <UniqueIdentifier>{02134220-2075-4a74-8956-02c14ae1217a}</UniqueIdentifier>
    </Filter>
  </ItemGroup>
  <ItemGroup>
    <ClCompile Include="..\..\tests\mfa_sdk_test.cpp">
      <Filter>src</Filter>
    </ClCompile>
  </ItemGroup>
</Project>